
Microsoft Visual Studio Solution File, Format Version 12.00
# Visual Studio Version 17
VisualStudioVersion = 17.1.32328.378
MinimumVisualStudioVersion = 10.0.40219.1
Project("{2150E333-8FDC-42A3-9474-1A3956D46DE8}") = "1. Web API Layer", "1. Web API Layer", "{8D2113B7-C9C2-46FF-84C2-F5C3518082E5}"
EndProject
Project("{2150E333-8FDC-42A3-9474-1A3956D46DE8}") = "2. Application Layer", "2. Application Layer", "{647C0DC2-F25F-4CD0-90BB-192F3D4C6C4B}"
EndProject
Project("{2150E333-8FDC-42A3-9474-1A3956D46DE8}") = "3. Domain Layer", "3. Domain Layer", "{09231E49-9D8F-4F40-97B5-B4280033AFB3}"
EndProject
Project("{2150E333-8FDC-42A3-9474-1A3956D46DE8}") = "4. Infrastructure Layer", "4. Infrastructure Layer", "{7234136D-8CAD-4D47-BE93-9EE390C1229C}"
EndProject
Project("{FAE04EC0-301F-11D3-BF4B-00C04F79EFBC}") = "HotelMoonHUB.Application.Services", "HotelMoonHUB.Application.Services\HotelMoonHUB.Application.Services.csproj", "{0EBDC182-EF0C-44DB-AB46-1C146AFD0F71}"
EndProject
Project("{FAE04EC0-301F-11D3-BF4B-00C04F79EFBC}") = "HotelMoonHUB.Domain.Entities", "HotelMoonHUB.Domain.Entities\HotelMoonHUB.Domain.Entities.csproj", "{50C380E0-72C9-46AB-BC51-EE1A982A9778}"
EndProject
Project("{FAE04EC0-301F-11D3-BF4B-00C04F79EFBC}") = "HotelMoonHUB.Infrastructure.SvcAgents", "HotelMoonHUB.Infrastructure.SvcAgents\HotelMoonHUB.Infrastructure.SvcAgents.csproj", "{3D3C9ED9-CC6C-4695-BC1A-9552BFCA8DF0}"
EndProject
Project("{FAE04EC0-301F-11D3-BF4B-00C04F79EFBC}") = "HotelMoonHUB.WebAPI.Services", "HotelMoonHUB.WebAPI.Services\HotelMoonHUB.WebAPI.Services.csproj", "{88A79024-8F36-4BB3-8C3F-7B13A7444132}"
EndProject
Global
	GlobalSection(SolutionConfigurationPlatforms) = preSolution
		Debug|Any CPU = Debug|Any CPU
		Release|Any CPU = Release|Any CPU
	EndGlobalSection
	GlobalSection(ProjectConfigurationPlatforms) = postSolution
		{0EBDC182-EF0C-44DB-AB46-1C146AFD0F71}.Debug|Any CPU.ActiveCfg = Debug|Any CPU
		{0EBDC182-EF0C-44DB-AB46-1C146AFD0F71}.Debug|Any CPU.Build.0 = Debug|Any CPU
		{0EBDC182-EF0C-44DB-AB46-1C146AFD0F71}.Release|Any CPU.ActiveCfg = Release|Any CPU
		{0EBDC182-EF0C-44DB-AB46-1C146AFD0F71}.Release|Any CPU.Build.0 = Release|Any CPU
		{50C380E0-72C9-46AB-BC51-EE1A982A9778}.Debug|Any CPU.ActiveCfg = Debug|Any CPU
		{50C380E0-72C9-46AB-BC51-EE1A982A9778}.Debug|Any CPU.Build.0 = Debug|Any CPU
		{50C380E0-72C9-46AB-BC51-EE1A982A9778}.Release|Any CPU.ActiveCfg = Release|Any CPU
		{50C380E0-72C9-46AB-BC51-EE1A982A9778}.Release|Any CPU.Build.0 = Release|Any CPU
		{3D3C9ED9-CC6C-4695-BC1A-9552BFCA8DF0}.Debug|Any CPU.ActiveCfg = Debug|Any CPU
		{3D3C9ED9-CC6C-4695-BC1A-9552BFCA8DF0}.Debug|Any CPU.Build.0 = Debug|Any CPU
		{3D3C9ED9-CC6C-4695-BC1A-9552BFCA8DF0}.Release|Any CPU.ActiveCfg = Release|Any CPU
		{3D3C9ED9-CC6C-4695-BC1A-9552BFCA8DF0}.Release|Any CPU.Build.0 = Release|Any CPU
		{88A79024-8F36-4BB3-8C3F-7B13A7444132}.Debug|Any CPU.ActiveCfg = Debug|Any CPU
		{88A79024-8F36-4BB3-8C3F-7B13A7444132}.Debug|Any CPU.Build.0 = Debug|Any CPU
		{88A79024-8F36-4BB3-8C3F-7B13A7444132}.Release|Any CPU.ActiveCfg = Release|Any CPU
		{88A79024-8F36-4BB3-8C3F-7B13A7444132}.Release|Any CPU.Build.0 = Release|Any CPU
	EndGlobalSection
	GlobalSection(SolutionProperties) = preSolution
		HideSolutionNode = FALSE
	EndGlobalSection
	GlobalSection(NestedProjects) = preSolution
		{0EBDC182-EF0C-44DB-AB46-1C146AFD0F71} = {647C0DC2-F25F-4CD0-90BB-192F3D4C6C4B}
		{50C380E0-72C9-46AB-BC51-EE1A982A9778} = {09231E49-9D8F-4F40-97B5-B4280033AFB3}
		{3D3C9ED9-CC6C-4695-BC1A-9552BFCA8DF0} = {7234136D-8CAD-4D47-BE93-9EE390C1229C}
		{88A79024-8F36-4BB3-8C3F-7B13A7444132} = {8D2113B7-C9C2-46FF-84C2-F5C3518082E5}
	EndGlobalSection
	GlobalSection(ExtensibilityGlobals) = postSolution
		SolutionGuid = {583FD372-4314-467E-BE23-960B62C1D4E1}
	EndGlobalSection
EndGlobal
